lockVersion: 2.0.0
id: 54f57182-fe20-43ea-9003-64b97c2b41be
management:
  docChecksum: 9651a7d4a24b31494695983c1fe58139
  docVersion: 1.0.0
  speakeasyVersion: 1.682.0
  generationVersion: 2.791.1
  releaseVersion: 0.7.2
  configChecksum: 1f73fb7c18a4df41472600972ffa6da0
  repoURL: https://github.com/smithery-ai/sdk.git
  repoSubDirectory: typescript/registry
  installationURL: https://gitpkg.now.sh/smithery-ai/sdk/typescript/registry
  published: true
features:
  typescript:
    additionalDependencies: 0.1.0
    constsAndDefaults: 0.1.12
    core: 3.26.17
    defaultEnabledRetries: 0.1.0
    devContainers: 2.90.1
    enumUnions: 0.1.0
    envVarSecurityUsage: 0.1.2
    globalSecurity: 2.82.14
    globalSecurityCallbacks: 0.1.0
    globalSecurityFlattening: 0.1.0
    globalServerURLs: 2.83.0
    groups: 2.81.3
    nameOverrides: 2.81.2
    nullables: 0.1.1
    pagination: 2.83.0
    responseFormat: 0.2.3
    retries: 2.83.0
    sdkHooks: 0.4.0
    unions: 2.86.3
trackedFiles:
  .devcontainer/README.md:
    last_write_checksum: sha1:28d85b3f3452837c4ad725ad12bd858fd8bf07c0
  .devcontainer/devcontainer.json:
    last_write_checksum: sha1:d0b15193202c961e7d1875864ddb15f9d17c84dd
  .devcontainer/setup.sh:
    last_write_checksum: sha1:4f81a339675464090a9ee39d0be8dc966f58e8d5
  .gitattributes:
    last_write_checksum: sha1:26d16d8297b104945139da8c25bd38feeaad3e25
  .npmignore:
    last_write_checksum: sha1:3d5eb92f81539175db1ff0280e0aefbdd701f200
  FUNCTIONS.md:
    last_write_checksum: sha1:b5b73333e61ff93e21c1410641932690d4b4be0b
  RUNTIMES.md:
    last_write_checksum: sha1:e45b854f02c357cbcfdb8c3663000e8339e16505
  USAGE.md:
    last_write_checksum: sha1:b62667b52aaba2b2d266e09d937156c663b561d8
  docs/lib/utils/retryconfig.md:
    last_write_checksum: sha1:bc4454e196fcd219f5a78da690375a884f5ed07b
  docs/models/components/connection.md:
    last_write_checksum: sha1:d73fd39ff27143484aa4f4be3e5c674fba3bb679
  docs/models/components/deploymentinfo.md:
    last_write_checksum: sha1:0e53c7d26fce1f218c809946b0eda6c61075a123
  docs/models/components/deploymentlist.md:
    last_write_checksum: sha1:8f7633e793b2058ac95865bfde5db28d8be2bae7
  docs/models/components/deploymentlogentry.md:
    last_write_checksum: sha1:e4ceccf6b79f07a4e03600a00b7d5b7c07071771
  docs/models/components/deploymentlogentryerror.md:
    last_write_checksum: sha1:09eded67fcf9e6eadb923060dc9425cf3f3798c3
  docs/models/components/deployresponse.md:
    last_write_checksum: sha1:d5e48403171b1dcf0a314684f35d9bc9072fb223
  docs/models/components/exceptionentry.md:
    last_write_checksum: sha1:900de0a06e5807faaa6fb85d370e7ca210372170
  docs/models/components/health.md:
    last_write_checksum: sha1:7b54d28cc2e6e6922ee336965cd3885d9f89e628
  docs/models/components/httpconnection.md:
    last_write_checksum: sha1:f2cd0556d24880628d032bbc0e5d92e474fe9144
  docs/models/components/invocation.md:
    last_write_checksum: sha1:283068c2d2fbfb275447d3d3077a8e4eac955950
  docs/models/components/invocationduration.md:
    last_write_checksum: sha1:071520cde6bd006c205dbeaddf338841418f6a94
  docs/models/components/invocationrequest.md:
    last_write_checksum: sha1:2e48541b6b6fee2a55622bfe77d6b310f70b55ad
  docs/models/components/invocationresponse.md:
    last_write_checksum: sha1:778a7959d6ba0040764d83e29067c40ae70287f7
  docs/models/components/logsquery.md:
    last_write_checksum: sha1:54f42140d11b846e7048325b8cbe0285c8a7a64f
  docs/models/components/pagination.md:
    last_write_checksum: sha1:d6409b7498ede367669a21179259262a265ef6ef
  docs/models/components/runtimelogentry.md:
    last_write_checksum: sha1:631207730997c3ebdbce9dcab3ca52229ea1dfe4
  docs/models/components/runtimelogsresponse.md:
    last_write_checksum: sha1:7773750816e3ea7656e63726779b7c31d298598d
  docs/models/components/security.md:
    last_write_checksum: sha1:04ebf34e0d7c1daff704eabedc4174fbe6981c0e
  docs/models/components/server.md:
    last_write_checksum: sha1:080bbac7334b4f6c0c90bed54ccedebceae8c902
  docs/models/components/serversecurity.md:
    last_write_checksum: sha1:0768fae886cbbfce917c98dd2953604681f0a4f6
  docs/models/components/serverslistquery.md:
    last_write_checksum: sha1:8bfdf593e360aa4434e0306553bb435670365fca
  docs/models/components/serverslistresponse.md:
    last_write_checksum: sha1:1eb050b332ca7aa67605d04022a8cb13d682e452
  docs/models/components/serversummary.md:
    last_write_checksum: sha1:3ad64816d7a94d64267d98113951c0077b4521cf
  docs/models/components/servertool.md:
    last_write_checksum: sha1:be8a33e63db24cdce2b7a5ec70e108205c0f291e
  docs/models/components/stage.md:
    last_write_checksum: sha1:82154f27867f5f72ab1f97927af6ee0c11a7fc2c
  docs/models/components/stdioconnection.md:
    last_write_checksum: sha1:280b5814355bf53ab6acb6fa2e693673e0a1af1a
  docs/models/components/toolinputschema.md:
    last_write_checksum: sha1:b5dbcaf1930653823d15b28af4aa84f89fee7336
  docs/models/components/uplinktokenresponse.md:
    last_write_checksum: sha1:843961ad98f444e44f53488d7f93704d2c0de9b0
  docs/models/errors/deploymenterror.md:
    last_write_checksum: sha1:9978bb2f0b98da3bf37a4b524c04791141e80869
  docs/models/errors/healtherror.md:
    last_write_checksum: sha1:b398b3441703424857612d435301c2c2bc103505
  docs/models/errors/registryerror.md:
    last_write_checksum: sha1:908a0b762f9b2611e5e7b521c234afdef90e08f6
  docs/models/errors/runtimelogserror.md:
    last_write_checksum: sha1:bf2c6bb9af3e35275280ebde6beaa8103d0e95f9
  docs/models/errors/uplinkerror.md:
    last_write_checksum: sha1:b643ecb5ed9488a1036b44657882509f747481a7
  docs/models/operations/getserversbyqualifiednamedeploymentsbyidrequest.md:
    last_write_checksum: sha1:7426a868bed32f212a139545c59a612edfbee708
  docs/models/operations/getserversbyqualifiednamedeploymentsrequest.md:
    last_write_checksum: sha1:e8c041563ddec8271bd188628982642be62c10dc
  docs/models/operations/getserversbyqualifiednamelogsrequest.md:
    last_write_checksum: sha1:b8336b9701daedfa64b5540bd5109badb5e68216
  docs/models/operations/getserversbyqualifiednamerequest.md:
    last_write_checksum: sha1:fcc8036c3c67b7a4c26015680b2e03150e590e2e
  docs/models/operations/getserversrequest.md:
    last_write_checksum: sha1:ea3b600261edef3f26a0b14024500963624c55ad
  docs/models/operations/getserversresponse.md:
    last_write_checksum: sha1:9db1aafeb6dfda45078c3e72303b13b7b5460433
  docs/models/operations/postserversbyqualifiednamedeploymentsbyidresumerequest.md:
    last_write_checksum: sha1:658df8d425590a3a5f38842ec9efa89404d71fe1
  docs/models/operations/putserversbyqualifiednamedeploymentsrequest.md:
    last_write_checksum: sha1:f56228e8630388ad35d26ee04f8fd3e607eef7a1
  docs/sdks/servers/README.md:
    last_write_checksum: sha1:4255b5e876c2c3aba408ddb8284a27ef3f771381
  docs/sdks/service/README.md:
    last_write_checksum: sha1:d7d017f8e44f9e96c4a03f0f06dc0c0ef7cfcdb9
  docs/sdks/uplink/README.md:
    last_write_checksum: sha1:1e22544f9cd041f21444ab538aea1b30523b74ea
  eslint.config.mjs:
    last_write_checksum: sha1:9398f326377fe47f67af2df6eb6370750c0790b4
  examples/.env.template:
    last_write_checksum: sha1:d23519403f2bbf1697826091d5afa6a79b93a56b
  examples/README.md:
    last_write_checksum: sha1:f100d6b3c6739fd575d646e18d3726a2ec0e967f
  examples/package.json:
    last_write_checksum: sha1:16c12c85577d37ca127e36aef2b62c4b87177c41
  examples/serviceHealthCheck.example.ts:
    last_write_checksum: sha1:b69fc3ef6569046d67e8fd53544e16b15bb45806
  jsr.json:
    last_write_checksum: sha1:4c10c6d7310984b4c546d015dac382b655fc14de
  package.json:
    last_write_checksum: sha1:88f492c23d5660fc3e2de281a204ba1f83b7d799
  src/core.ts:
    last_write_checksum: sha1:5e8b3ab1fb1d7c16fee8682d25e9a9be90fceabf
  src/funcs/serversDeploy.ts:
    last_write_checksum: sha1:7b363d6f9e4759449e61648c280356cf96df3ab8
  src/funcs/serversGetByQualifiedName.ts:
    last_write_checksum: sha1:44113408aec5171b09cdff80ebfdd81a2e884372
  src/funcs/serversGetDeploymentStatus.ts:
    last_write_checksum: sha1:b63525117f545cdefbae74aa0d1ee4e21607500f
  src/funcs/serversGetLogs.ts:
    last_write_checksum: sha1:cf15894641238f56617cd06554b6c6f226b48425
  src/funcs/serversList.ts:
    last_write_checksum: sha1:2f530bcf986f503fbae792d33f510f975a44a429
  src/funcs/serversListDeployments.ts:
    last_write_checksum: sha1:fbda5f42d90e50451f20c0c6e6a564a6f3794d99
  src/funcs/serversResumeDeployment.ts:
    last_write_checksum: sha1:caa00e5d348e07b84298984b77ee7f75c5462d95
  src/funcs/serviceHealthCheck.ts:
    last_write_checksum: sha1:a08788cedc9136f07adc1ac5897490f9ce86891f
  src/funcs/uplinkCreateToken.ts:
    last_write_checksum: sha1:326c55ee6481b3eea4364a64a3c66c42a5dfe3bf
  src/hooks/hooks.ts:
    last_write_checksum: sha1:646c1538dbffb2552af9d7516de64c339b5e96c2
  src/hooks/index.ts:
    last_write_checksum: sha1:1a11c073a6cd792932218e1d4ed36b8567bad8ef
  src/hooks/types.ts:
    last_write_checksum: sha1:29372122898cc523fa47576f3f6608a28ec6080e
  src/index.ts:
    last_write_checksum: sha1:35c9cde3ae14b18b3f893a1afe8b6c44f8760f24
  src/lib/base64.ts:
    last_write_checksum: sha1:b0b12ddbd8625efb47c0e955a18641aeb10c6532
  src/lib/config.ts:
    last_write_checksum: sha1:73ee071fe0768a6e3695058d63c40198108b36de
  src/lib/dlv.ts:
    last_write_checksum: sha1:1dd3e3fbb4550c4bf31f5ef997faff355d6f3250
  src/lib/encodings.ts:
    last_write_checksum: sha1:d20c131976ab8ac68b22bdde2b7ed84b5b873922
  src/lib/env.ts:
    last_write_checksum: sha1:76a4eb36a587bc4c6aa50540f68034f94d2dd6b5
  src/lib/files.ts:
    last_write_checksum: sha1:d0f325f445b8d22e7d73baf052c585ec2dd24841
  src/lib/http.ts:
    last_write_checksum: sha1:797cbf16d3c7c4d62d3ba0eedb08617524938457
  src/lib/is-plain-object.ts:
    last_write_checksum: sha1:df687f25a9590b6fd95d39df41a652ae3fd4e517
  src/lib/logger.ts:
    last_write_checksum: sha1:0ec9d3a2a34c362746b767e4f9a746c055d57a7b
  src/lib/matchers.ts:
    last_write_checksum: sha1:e7587f40d36710d499f8a7e6b610610e55a2cb40
  src/lib/primitives.ts:
    last_write_checksum: sha1:987869fc54790b9c22e9182099103d6aa7c67016
  src/lib/retries.ts:
    last_write_checksum: sha1:f3da74dffcbe2756c69393f8600205aa1dc06e68
  src/lib/schemas.ts:
    last_write_checksum: sha1:209cfaabfa7fc1c1310f97453215cb0755619c6e
  src/lib/sdks.ts:
    last_write_checksum: sha1:3420ab27ef8b91e14452b4ff5971d7533f71ec87
  src/lib/security.ts:
    last_write_checksum: sha1:690c1113d4f8d6e7f0d82651d647f611e08e73ea
  src/lib/url.ts:
    last_write_checksum: sha1:d124050c7e755c0cce233b9e029afb584ff65201
  src/models/components/deploymentinfo.ts:
    last_write_checksum: sha1:7803253bc445a1da223bd01b299d12860871c232
  src/models/components/deploymentlist.ts:
    last_write_checksum: sha1:cbc7a662d8895081435895ac0525f1b53af60997
  src/models/components/deploymentlogentry.ts:
    last_write_checksum: sha1:40a164f1fa9568eb57e34e34f17920cf01ff063a
  src/models/components/deploymentlogentryerror.ts:
    last_write_checksum: sha1:dece9028cd7d23417bb724dabc3602696f28091f
  src/models/components/deployresponse.ts:
    last_write_checksum: sha1:0ae36d9aefe392be68a58f6e6b67f55c50932e3e
  src/models/components/exceptionentry.ts:
    last_write_checksum: sha1:fc715db00dfb369ec6c6cc613193ad34576996a8
  src/models/components/health.ts:
    last_write_checksum: sha1:452f08f55ac42f003c60de7c3b8865df8482c86d
  src/models/components/httpconnection.ts:
    last_write_checksum: sha1:d634d164b0e02de8278212b2586835923fd8a28f
  src/models/components/index.ts:
    last_write_checksum: sha1:6af2ee7fc9e6687ec24005eb74944892c5579ef8
  src/models/components/invocation.ts:
    last_write_checksum: sha1:5c17db0af4e47841dd057ac1e502edeef1db0de7
  src/models/components/invocationduration.ts:
    last_write_checksum: sha1:5841fa73d7052b2e4be229c57f9d7e5a5c261faa
  src/models/components/invocationrequest.ts:
    last_write_checksum: sha1:527d743a3afd53b8d1f01534baf18d36bf9cccaa
  src/models/components/invocationresponse.ts:
    last_write_checksum: sha1:99fe270f0e520f52ae3ccdcd405d263c677e5b4c
  src/models/components/logsquery.ts:
    last_write_checksum: sha1:fa0d2eb6c7e157c7e10eabb7a610479fb2f50aeb
  src/models/components/pagination.ts:
    last_write_checksum: sha1:5c6fead110700b767a3ec0fe659a9d8543183a0b
  src/models/components/runtimelogentry.ts:
    last_write_checksum: sha1:bbb87bfffe65561dd2b2f373d0399d1cd435c20e
  src/models/components/runtimelogsresponse.ts:
    last_write_checksum: sha1:2f92ecd0dd2efca266cdee4a07cccf75db802cc4
  src/models/components/security.ts:
    last_write_checksum: sha1:14f08712e7ae6c9786e015c415b290acda66bcef
  src/models/components/server.ts:
    last_write_checksum: sha1:c78f4485a34f351b16ae4a194e085d0f653f01d9
  src/models/components/serversecurity.ts:
    last_write_checksum: sha1:ca9e1bd2238ae9a468543dfeb0e78fcc57fe2da0
  src/models/components/serverslistquery.ts:
    last_write_checksum: sha1:fd46a5d469f0731cfdb43e53f39ed598a078886c
  src/models/components/serverslistresponse.ts:
    last_write_checksum: sha1:f0410f8b8487527e1623f149ff6e7488cf9fa1c2
  src/models/components/serversummary.ts:
    last_write_checksum: sha1:26c3ace4ed1c642d39b9814cb9ccca0e26c55332
  src/models/components/servertool.ts:
    last_write_checksum: sha1:7bd68d86fb013fb43e01e2796ce28df8a90c1e1d
  src/models/components/stdioconnection.ts:
    last_write_checksum: sha1:8c6d8823ea639113302684c69e5020d7018b13aa
  src/models/components/toolinputschema.ts:
    last_write_checksum: sha1:e12c3117572f135b7ad4c47c5b4b6c8512664ad7
  src/models/components/uplinktokenresponse.ts:
    last_write_checksum: sha1:182356a41e893b2b9e3c1e32ab4fb4874cf7f0ec
  src/models/errors/apierror.ts:
    last_write_checksum: sha1:637cd6ef06e5dd36a4500276afeff85dc0db9b03
  src/models/errors/deploymenterror.ts:
    last_write_checksum: sha1:0506c0fa373d8f495f5e9769a7c17b48877c4fe2
  src/models/errors/healtherror.ts:
    last_write_checksum: sha1:18c512f3336539c8d321ca103afd550067937486
  src/models/errors/httpclienterrors.ts:
    last_write_checksum: sha1:994ced121c54fecd0af038ccfb7855fbfd3868ec
  src/models/errors/index.ts:
    last_write_checksum: sha1:dc4a6898057cd4019a66490c2326808b22a087bc
  src/models/errors/registryerror.ts:
    last_write_checksum: sha1:dcb0f65d076e57a4af9bd40e2891d29f705d9823
  src/models/errors/responsevalidationerror.ts:
    last_write_checksum: sha1:fc5c930be7550ef59e026a0eaddd7586309b49b2
  src/models/errors/runtimelogserror.ts:
    last_write_checksum: sha1:deea8df1286f95c2012016ee72d0cd9717e16b75
  src/models/errors/sdkvalidationerror.ts:
    last_write_checksum: sha1:a69da17627bcc32b820544608f3400423ea53f26
  src/models/errors/smitheryregistryerror.ts:
    last_write_checksum: sha1:1dce403e56da3cd2a3b51f3f04c9ce0786de4de8
  src/models/errors/uplinkerror.ts:
    last_write_checksum: sha1:97ded496c73cf7d2ccd02062360ad5b15a4354f9
  src/models/operations/getservers.ts:
    last_write_checksum: sha1:0bf687829e0df26e6f7ca111bb0d81a65d4b624d
  src/models/operations/getserversbyqualifiedname.ts:
    last_write_checksum: sha1:2931b1c7deb8a0449cb92696fde46e9e99b7c7ee
  src/models/operations/getserversbyqualifiednamedeployments.ts:
    last_write_checksum: sha1:343baaa798a8b167bf31b61bff6856cd750f9253
  src/models/operations/getserversbyqualifiednamedeploymentsbyid.ts:
    last_write_checksum: sha1:aae4b7cf72a41e96b893ff55996632a98deeded5
  src/models/operations/getserversbyqualifiednamelogs.ts:
    last_write_checksum: sha1:66478d13d65f146228eaf825d6f85dc48a5f25ce
  src/models/operations/index.ts:
    last_write_checksum: sha1:a9d0c4960fe6c4b799fc3d27ac247d1212b01131
  src/models/operations/postserversbyqualifiednamedeploymentsbyidresume.ts:
    last_write_checksum: sha1:c6ebddcff99162da39a9801cc87915f8508a2374
  src/models/operations/putserversbyqualifiednamedeployments.ts:
    last_write_checksum: sha1:b16997ebd92e17d9a7d7c3a5438ff5511ecbd0fa
  src/sdk/index.ts:
    last_write_checksum: sha1:ed6d64f2a6135349aa8498b8d8cff9ba85c7fb8f
  src/sdk/sdk.ts:
    last_write_checksum: sha1:5915fa6d33898564de27b93cbf50695f58990fad
  src/sdk/servers.ts:
    last_write_checksum: sha1:852cd50e6c20a2825b5a2a4cc1c11bcccf8757dc
  src/sdk/service.ts:
    last_write_checksum: sha1:dc0b43a975cbe1603ee52ad246e76483b9dd7b82
  src/sdk/uplink.ts:
    last_write_checksum: sha1:e40617884316897d9d5f255709365535db756b9c
  src/types/async.ts:
    last_write_checksum: sha1:3ff07b3feaf390ec1aeb18ff938e139c6c4a9585
  src/types/blobs.ts:
    last_write_checksum: sha1:cf45d78916671cb6345a11c97c633c64402bc27c
  src/types/constdatetime.ts:
    last_write_checksum: sha1:dfaaf9adfaf49808bd4c9dea0039f21b7088d9c0
  src/types/enums.ts:
    last_write_checksum: sha1:ee590453d2c87e33e89c633d37ee46907eca0e58
  src/types/fp.ts:
    last_write_checksum: sha1:d24994d58f37a1ca106847fcc6d2e976c6f1c093
  src/types/index.ts:
    last_write_checksum: sha1:bf43b3dccb960ca9ae9c5ab940da4786255881cd
  src/types/operations.ts:
    last_write_checksum: sha1:c49e724cfb1259296381cb57bc0fcdd2eae45865
  src/types/rfcdate.ts:
    last_write_checksum: sha1:8e5f382e02fe21c2f2e24deb1b7bbf8cddd3dd16
  src/types/streams.ts:
    last_write_checksum: sha1:cc9ced2dd34a76c3a1bd7784ccda1cc3b37ab9a9
  src/types/unrecognized.ts:
    last_write_checksum: sha1:d33ac686528492f4cdc0dbf81ed343b4afe020fe
  tsconfig.json:
    last_write_checksum: sha1:c3ec7996536cdb9a54319e7d1eb3b199b733d34c
examples:
  listServers:
    speakeasy-default-list-servers:
      parameters:
        query:
          q: "owner:mem0ai is:verified memory"
          page: 1
          pageSize: 10
      responses:
        "200":
          application/json: {"servers": [{"qualifiedName": "smithery-ai/fetch", "displayName": "Fetch", "description": "A server for fetching web content", "homepage": "https://smithery.ai/server/smithery-ai/fetch", "verified": true, "useCount": 12345, "createdAt": "2023-01-01T12:00:00Z"}, {"qualifiedName": "smithery-ai/fetch", "displayName": "Fetch", "description": "A server for fetching web content", "homepage": "https://smithery.ai/server/smithery-ai/fetch", "verified": true, "useCount": 12345, "createdAt": "2023-01-01T12:00:00Z"}], "pagination": {"currentPage": 1, "pageSize": 10, "totalPages": 5, "totalCount": 47}}
        "401":
          application/json: {"error": "Unauthorized: Invalid API key"}
        "500":
          application/json: {"error": "An unexpected error occurred"}
  getServer:
    speakeasy-default-get-server:
      parameters:
        path:
          qualifiedName: "<value>"
      responses:
        "200":
          application/json: {"qualifiedName": "smithery-ai/fetch", "displayName": "Fetch", "iconUrl": "https://example.com/icon.png", "remote": true, "connections": [], "security": {"scanPassed": true}, "tools": [{"name": "fetch_url", "description": "Fetches content from a URL", "inputSchema": {"type": "object", "properties": {"url": {"type": "string", "description": "URL to fetch content from"}}, "required": ["url"]}}, {"name": "fetch_url", "description": "Fetches content from a URL", "inputSchema": {"type": "object", "properties": {"url": {"type": "string", "description": "URL to fetch content from"}}, "required": ["url"]}}]}
        "401":
          application/json: {"error": "Unauthorized: Invalid API key"}
        "404":
          application/json: {"error": "Server not found"}
        "500":
          application/json: {"error": "An unexpected error occurred"}
  getHealth:
    speakeasy-default-get-health:
      responses:
        "200":
          application/json: {"status": "<value>", "timestamp": "<value>"}
        "500":
          application/json: {"error": "Service unhealthy"}
  getServers:
    speakeasy-default-get-servers:
      parameters:
        query:
          page: 1
          pageSize: 10
          q: "search term"
          profile: "my-profile"
      responses:
        "200":
          application/json: {"servers": [{"qualifiedName": "smithery/hello-world", "displayName": "Hello World", "description": "A simple hello world server", "iconUrl": "https://example.com/icon.png", "verified": true, "useCount": 42, "remote": true, "isDeployed": true, "createdAt": "1709973305456", "homepage": "https://smithery.ai/server/smithery/hello-world"}], "pagination": {"currentPage": 1, "pageSize": 10, "totalPages": 5, "totalCount": 42}}
        "400":
          application/json: {"error": "Server not found"}
  getServersById:
    speakeasy-default-get-servers-by-id:
      parameters:
        path:
          id: "<id>"
      responses:
        "200":
          application/json: {"qualifiedName": "smithery/hello-world", "displayName": "Hello World", "description": "A simple hello world server", "iconUrl": "https://example.com/icon.png", "remote": true, "deploymentUrl": "https://api.example.com", "connections": [], "security": {"scanPassed": true}, "tools": []}
        "404":
          application/json: {"error": "Server not found"}
        "500":
          application/json: {"error": "Server not found"}
  postServersById:
    speakeasy-default-post-servers-by-id:
      parameters:
        path:
          id: "<id>"
      requestBody:
        application/json: {"connectionType": "stdio", "config": {"host": "localhost", "port": 8080}}
      responses:
        "200":
          application/json: {"success": true, "result": {"command": "npx", "args": ["@smithery/hello-world", "--config", "{}"], "env": {"NODE_ENV": "production"}}}
        "400":
          application/json: {"error": "Server not found"}
        "500":
          application/json: {"error": "Server not found"}
  getConfigStatusById:
    speakeasy-default-get-config-status-by-id:
      parameters:
        path:
          id: "<id>"
      responses:
        "200":
          application/json: {"isComplete": false, "hasExistingConfig": true, "missingFields": ["exaApiKey", "enabledTools"], "fieldSchemas": {"exaApiKey": {"type": "string", "description": "API key"}}}
        "401":
          application/json: {"error": "Server not found"}
  getConfigById:
    speakeasy-default-get-config-by-id:
      parameters:
        path:
          id: "<id>"
      responses:
        "200":
          application/json: {"config": {"apiKey": "xxx", "debug": false}}
        "401":
          application/json: {"error": "Server not found"}
        "500":
          application/json: {"error": "Server not found"}
  putConfigById:
    speakeasy-default-put-config-by-id:
      parameters:
        path:
          id: "<id>"
      requestBody:
        application/json: {"config": {"apiKey": "xxx", "debug": false}}
      responses:
        "200":
          application/json: {"success": true, "message": "Configuration saved successfully"}
        "400":
          application/json: {"error": "Server not found"}
        "500":
          application/json: {"error": "Server not found"}
  postUplinkToken:
    speakeasy-default-post-uplink-token:
      responses:
        "200":
          application/json: {"authtoken": "2abcdefg_1a2b3c4d5e6f7g8h9i0j", "domain": "ngrok.smithery.ai"}
        "401":
          application/json: {"error": "Failed to create tunnel token"}
        "500":
          application/json: {"error": "Failed to create tunnel token"}
  getProfiles:
    speakeasy-default-get-profiles:
      parameters:
        query:
          page: 1
          pageSize: 10
      responses:
        "200":
          application/json: {"profiles": [{"slug": "<value>", "displayName": "Carlie6", "description": null, "type": null}], "pagination": {"page": 4915.69, "pageSize": 2847.11, "totalCount": 9400.16, "totalPages": 265.21}}
  getProfilesBySlugServers:
    speakeasy-default-get-profiles-by-slug-servers:
      parameters:
        path:
          slug: "<value>"
        query:
          page: 1
          pageSize: 10
      responses:
        "200":
          application/json: {"servers": [], "pagination": {"page": 3815.49, "pageSize": 9201.86, "totalCount": 9360.89, "totalPages": 1968.03}}
  postProfilesBySlugServers:
    speakeasy-default-post-profiles-by-slug-servers:
      parameters:
        path:
          slug: "<value>"
      responses:
        "201":
          application/json: {"slug": "<value>", "displayName": "Trevion39", "mcpUrl": "https://next-ghost.net", "description": null}
  getProfilesBySlugServersByConfigSlug:
    speakeasy-default-get-profiles-by-slug-servers-by-config-slug:
      parameters:
        path:
          slug: "<value>"
          configSlug: "<value>"
      responses:
        "200":
          application/json: {"slug": "<value>", "displayName": "Alanna_Kessler", "mcpUrl": "https://smart-relative.biz", "description": "woot sweet continually discourse plus yowza majestically yearly"}
  deleteProfilesBySlugServersByConfigSlug:
    speakeasy-default-delete-profiles-by-slug-servers-by-config-slug:
      parameters:
        path:
          slug: "<value>"
          configSlug: "<value>"
  putServersByQualifiedNameDeployments:
    speakeasy-default-put-servers-by-qualified-name-deployments:
      parameters:
        path:
          qualifiedName: "<value>"
      responses:
        "202":
          application/json: {"deploymentId": "123e4567-e89b-12d3-a456-426614174000", "status": "WORKING", "mcpUrl": "https://server.smithery.ai/@org/name"}
        "400":
          application/json: {"error": "Server not found"}
  getServersByQualifiedNameDeployments:
    speakeasy-default-get-servers-by-qualified-name-deployments:
      parameters:
        path:
          qualifiedName: "<value>"
      responses:
        "200":
          application/json: [{"id": "12396f27-d19f-4654-a3d9-bb58b34bb1fc", "status": "<value>", "createdAt": "1711102684403", "updatedAt": "1735657031621"}]
        "403":
          application/json: {"error": "Server not found"}
  getServersByQualifiedNameDeploymentsById:
    speakeasy-default-get-servers-by-qualified-name-deployments-by-id:
      parameters:
        path:
          qualifiedName: "<value>"
          id: "<id>"
      responses:
        "200":
          application/json: {"id": "f0bafba5-0dc6-4c6d-955d-b83f6db3f09e", "status": "<value>", "createdAt": "1728877704456", "updatedAt": "1735610601727"}
  postServersByQualifiedNameDeploymentsByIdResume:
    speakeasy-default-post-servers-by-qualified-name-deployments-by-id-resume:
      parameters:
        path:
          qualifiedName: "<value>"
          id: "<id>"
  getServersByQualifiedNameLogs:
    speakeasy-default-get-servers-by-qualified-name-logs:
      parameters:
        path:
          qualifiedName: "<value>"
        query:
          '#/components/schemas/LogsQuery': {"from": "2026-01-01T00:00:00Z", "to": "2026-01-01T01:00:00Z", "limit": 50}
      responses:
        "200":
          application/json: {"invocations": [{"id": "625f9ce6-f179-4f23-b3e3-4de28b52b39d", "timestamp": "2026-01-04 10:53:39", "request": {"method": "POST", "url": "https://gateway.smithery.ai/@smithery/unicorn"}, "response": {"status": 200, "outcome": "ok"}, "duration": {"cpuMs": 5, "wallMs": 743}, "logs": [{"timestamp": "2026-01-04 10:53:39", "level": "info", "message": "Processing request..."}], "exceptions": []}], "total": 2900.11}
        "403":
          application/json: {"error": "Server not found"}
        "500":
          application/json: {"error": "Server not found"}
  getServersByQualifiedName:
    speakeasy-default-get-servers-by-qualified-name:
      parameters:
        path:
          qualifiedName: "<value>"
      responses:
        "200":
          application/json: {"qualifiedName": "smithery/hello-world", "displayName": "Hello World", "description": "A simple hello world server", "iconUrl": "https://example.com/icon.png", "remote": true, "deploymentUrl": "https://api.example.com", "connections": [], "security": null, "tools": [{"name": "get_weather", "description": "Get current weather", "inputSchema": {"type": "object"}}]}
        "404":
          application/json: {"error": "Server not found"}
examplesVersion: 1.0.2
generatedTests: {}
generatedFiles:
  - .devcontainer/README.md
  - .devcontainer/devcontainer.json
  - .devcontainer/setup.sh
  - .gitattributes
  - .npmignore
  - FUNCTIONS.md
  - RUNTIMES.md
  - USAGE.md
  - docs/lib/utils/retryconfig.md
  - docs/models/components/deploymentinfo.md
  - docs/models/components/deployresponse.md
  - docs/models/components/health.md
  - docs/models/components/runtimelogsresponse.md
  - docs/models/components/security.md
  - docs/models/components/serverslistresponse.md
  - docs/models/components/uplinktokenresponse.md
  - docs/models/errors/errort.md
  - docs/models/errors/uplinkerror.md
  - docs/models/operations/getserversbyqualifiednamedeploymentsbyidrequest.md
  - docs/models/operations/getserversbyqualifiednamedeploymentsrequest.md
  - docs/models/operations/getserversbyqualifiednamelogsrequest.md
  - docs/models/operations/getserversbyqualifiednamerequest.md
  - docs/models/operations/getserversrequest.md
  - docs/models/operations/getserversresponse.md
  - docs/models/operations/postserversbyqualifiednamedeploymentsbyidresumerequest.md
  - docs/models/operations/putserversbyqualifiednamedeploymentsrequest.md
  - docs/sdks/servers/README.md
  - docs/sdks/system/README.md
  - docs/sdks/uplink/README.md
  - eslint.config.mjs
  - examples/.env.template
  - examples/README.md
  - examples/package.json
  - examples/systemCheckHealth.example.ts
  - jsr.json
  - package.json
  - src/core.ts
  - src/funcs/serversGetServersByQualifiedName.ts
  - src/funcs/serversGetServersByQualifiedNameDeployments.ts
  - src/funcs/serversGetServersByQualifiedNameDeploymentsById.ts
  - src/funcs/serversGetServersByQualifiedNameLogs.ts
  - src/funcs/serversList.ts
  - src/funcs/serversPostServersByQualifiedNameDeploymentsByIdResume.ts
  - src/funcs/serversPutServersByQualifiedNameDeployments.ts
  - src/funcs/systemCheckHealth.ts
  - src/funcs/uplinkCreateToken.ts
  - src/hooks/hooks.ts
  - src/hooks/index.ts
  - src/hooks/types.ts
  - src/index.ts
  - src/lib/base64.ts
  - src/lib/config.ts
  - src/lib/dlv.ts
  - src/lib/encodings.ts
  - src/lib/env.ts
  - src/lib/files.ts
  - src/lib/http.ts
  - src/lib/is-plain-object.ts
  - src/lib/logger.ts
  - src/lib/matchers.ts
  - src/lib/primitives.ts
  - src/lib/retries.ts
  - src/lib/schemas.ts
  - src/lib/sdks.ts
  - src/lib/security.ts
  - src/lib/url.ts
  - src/models/components/deploymentinfo.ts
  - src/models/components/deployresponse.ts
  - src/models/components/health.ts
  - src/models/components/index.ts
  - src/models/components/runtimelogsresponse.ts
  - src/models/components/security.ts
  - src/models/components/serverslistresponse.ts
  - src/models/components/uplinktokenresponse.ts
  - src/models/errors/apierror.ts
  - src/models/errors/error.ts
  - src/models/errors/httpclienterrors.ts
  - src/models/errors/index.ts
  - src/models/errors/responsevalidationerror.ts
  - src/models/errors/sdkvalidationerror.ts
  - src/models/errors/smitheryregistryerror.ts
  - src/models/errors/uplinkerror.ts
  - src/models/operations/getservers.ts
  - src/models/operations/getserversbyqualifiedname.ts
  - src/models/operations/getserversbyqualifiednamedeployments.ts
  - src/models/operations/getserversbyqualifiednamedeploymentsbyid.ts
  - src/models/operations/getserversbyqualifiednamelogs.ts
  - src/models/operations/index.ts
  - src/models/operations/postserversbyqualifiednamedeploymentsbyidresume.ts
  - src/models/operations/putserversbyqualifiednamedeployments.ts
  - src/sdk/index.ts
  - src/sdk/sdk.ts
  - src/sdk/servers.ts
  - src/sdk/system.ts
  - src/sdk/uplink.ts
  - src/types/async.ts
  - src/types/blobs.ts
  - src/types/constdatetime.ts
  - src/types/enums.ts
  - src/types/fp.ts
  - src/types/index.ts
  - src/types/operations.ts
  - src/types/rfcdate.ts
  - src/types/streams.ts
  - tsconfig.json
