speakeasyVersion: 1.650.0
sources:
    Smithery Registry API:
        sourceNamespace: smithery-registry-api
        sourceRevisionDigest: sha256:a4292b57d02d37cc22468f8df8bb20680df849262e56c303dd231a1ad88f3c72
        sourceBlobDigest: sha256:7e4634e219debf12299c99aca27806c32a93cefca6d44d4401b843111f166c44
        tags:
            - latest
            - 1.0.0
targets:
    smithery-registry:
        source: Smithery Registry API
        sourceNamespace: smithery-registry-api
        sourceRevisionDigest: sha256:a4292b57d02d37cc22468f8df8bb20680df849262e56c303dd231a1ad88f3c72
        sourceBlobDigest: sha256:7e4634e219debf12299c99aca27806c32a93cefca6d44d4401b843111f166c44
        codeSamplesNamespace: smithery-registry-api-typescript-code-samples
        codeSamplesRevisionDigest: sha256:2a2827c8cfd7d9103017fbb65a19b19d5529bc30299d9d9b51bf59718781af83
workflow:
    workflowVersion: 1.0.0
    speakeasyVersion: v1.650.0
    sources:
        Smithery Registry API:
            inputs:
                - location: http://registry.smithery.ai/openapi
            overlays:
                - location: .speakeasy/speakeasy-modifications-overlay.yaml
            registry:
                location: registry.speakeasyapi.dev/smithery-lhr/smithery/smithery-registry-api
    targets:
        smithery-registry:
            target: typescript
            source: Smithery Registry API
            publish:
                npm:
                    token: $npm_token
            codeSamples:
                registry:
                    location: registry.speakeasyapi.dev/smithery-lhr/smithery/smithery-registry-api-typescript-code-samples
                labelOverride:
                    fixedValue: Typescript (SDK)
                blocking: false
