speakeasyVersion: 1.660.0
sources:
    Smithery Registry API:
        sourceNamespace: smithery-registry-api
        sourceRevisionDigest: sha256:c77789f9a87b5c799d4c9a9a9dcec0ceacca6ef86f56298e3afc23db505319a3
        sourceBlobDigest: sha256:99d5fcd5f0a02af808a351d50628faba9b0130ef83ade060913eab33592fbfb8
        tags:
            - latest
            - speakeasy-sdk-regen-1764063497
            - 1.0.0
targets:
    smithery-registry:
        source: Smithery Registry API
        sourceNamespace: smithery-registry-api
        sourceRevisionDigest: sha256:c77789f9a87b5c799d4c9a9a9dcec0ceacca6ef86f56298e3afc23db505319a3
        sourceBlobDigest: sha256:99d5fcd5f0a02af808a351d50628faba9b0130ef83ade060913eab33592fbfb8
        codeSamplesNamespace: smithery-registry-api-typescript-code-samples
        codeSamplesRevisionDigest: sha256:dcb0fb5044fff9708162d0bb1cab4c84763256f672aac3b61a11f3b780d03244
workflow:
    workflowVersion: 1.0.0
    speakeasyVersion: latest
    sources:
        Smithery Registry API:
            inputs:
                - location: ../../openapi/registry.yaml
            overlays:
                - location: .speakeasy/speakeasy-modifications-overlay.yaml
            registry:
                location: registry.speakeasyapi.dev/smithery-lhr/smithery/smithery-registry-api
    targets:
        smithery-registry:
            target: typescript
            source: Smithery Registry API
            publish:
                npm:
                    token: $npm_token
            codeSamples:
                registry:
                    location: registry.speakeasyapi.dev/smithery-lhr/smithery/smithery-registry-api-typescript-code-samples
                labelOverride:
                    fixedValue: Typescript (SDK)
                blocking: false
