speakeasyVersion: 1.650.0
sources:
    Smithery Registry API:
        sourceNamespace: smithery-registry-api
        sourceRevisionDigest: sha256:4858dd555d987598701e0911bdd6e43f019f440ac7a4ba3354be1751dedfda8e
        sourceBlobDigest: sha256:f80d340e3fe0bfbac2cb47972f924e7c10083603cc9e7e610567d5eedcab41d7
        tags:
            - latest
            - speakeasy-sdk-regen-1764115842
            - 1.0.0
targets:
    smithery-registry:
        source: Smithery Registry API
        sourceNamespace: smithery-registry-api
        sourceRevisionDigest: sha256:4858dd555d987598701e0911bdd6e43f019f440ac7a4ba3354be1751dedfda8e
        sourceBlobDigest: sha256:f80d340e3fe0bfbac2cb47972f924e7c10083603cc9e7e610567d5eedcab41d7
        codeSamplesNamespace: smithery-registry-api-typescript-code-samples
        codeSamplesRevisionDigest: sha256:bc958964e69d9f4959e2e80e19ebe841f55361be72a09b606d06f94451d10260
workflow:
    workflowVersion: 1.0.0
    speakeasyVersion: v1.650.0
    sources:
        Smithery Registry API:
            inputs:
                - location: https://registry.smithery.ai/openapi
            overlays:
                - location: .speakeasy/speakeasy-modifications-overlay.yaml
            registry:
                location: registry.speakeasyapi.dev/smithery-lhr/smithery/smithery-registry-api
    targets:
        smithery-registry:
            target: typescript
            source: Smithery Registry API
            publish:
                npm:
                    token: $npm_token
            codeSamples:
                registry:
                    location: registry.speakeasyapi.dev/smithery-lhr/smithery/smithery-registry-api-typescript-code-samples
                labelOverride:
                    fixedValue: Typescript (SDK)
                blocking: false
